
Microsoft Visual Studio Solution File, Format Version 12.00
# Visual Studio Version 16
VisualStudioVersion = 16.0.30104.148
MinimumVisualStudioVersion = 10.0.40219.1
Project("{FAE04EC0-301F-11D3-BF4B-00C04F79EFBC}") = "MarketplaceDeployConsole", "MarketplaceDeployConsole\MarketplaceDeployConsole.csproj", "{E85725F2-8C76-4AAE-AB95-85AE6122BAA1}"
EndProject
Project("{9A19103F-16F7-4668-BE54-9A1E7A4F7556}") = "UnrealLauncher", "UnrealLauncher\UnrealLauncher.csproj", "{80D29E3E-7E69-43A3-8972-89FFC9899229}"
EndProject
Global
	GlobalSection(SolutionConfigurationPlatforms) = preSolution
		Debug|Any CPU = Debug|Any CPU
		Release|Any CPU = Release|Any CPU
	EndGlobalSection
	GlobalSection(ProjectConfigurationPlatforms) = postSolution
		{E85725F2-8C76-4AAE-AB95-85AE6122BAA1}.Debug|Any CPU.ActiveCfg = Debug|Any CPU
		{E85725F2-8C76-4AAE-AB95-85AE6122BAA1}.Debug|Any CPU.Build.0 = Debug|Any CPU
		{E85725F2-8C76-4AAE-AB95-85AE6122BAA1}.Release|Any CPU.ActiveCfg = Release|Any CPU
		{E85725F2-8C76-4AAE-AB95-85AE6122BAA1}.Release|Any CPU.Build.0 = Release|Any CPU
		{80D29E3E-7E69-43A3-8972-89FFC9899229}.Debug|Any CPU.ActiveCfg = Debug|Any CPU
		{80D29E3E-7E69-43A3-8972-89FFC9899229}.Debug|Any CPU.Build.0 = Debug|Any CPU
		{80D29E3E-7E69-43A3-8972-89FFC9899229}.Release|Any CPU.ActiveCfg = Release|Any CPU
		{80D29E3E-7E69-43A3-8972-89FFC9899229}.Release|Any CPU.Build.0 = Release|Any CPU
	EndGlobalSection
	GlobalSection(SolutionProperties) = preSolution
		HideSolutionNode = FALSE
	EndGlobalSection
	GlobalSection(ExtensibilityGlobals) = postSolution
		SolutionGuid = {4EAE8663-A4D7-4BAE-800A-85EEE059F971}
	EndGlobalSection
EndGlobal
