
Microsoft Visual Studio Solution File, Format Version 12.00
# Visual Studio Version 16
VisualStudioVersion = 16.0.30104.148
MinimumVisualStudioVersion = 10.0.40219.1
Project("{9A19103F-16F7-4668-BE54-9A1E7A4F7556}") = "UnrealAutomationCommon", "UnrealAutomationCommon\UnrealAutomationCommon.csproj", "{12DFB058-1A69-4848-B7AE-78C6CEE0A7C2}"
EndProject
Project("{2150E333-8FDC-42A3-9474-1A3956D46DE8}") = "Solution Items", "Solution Items", "{87CCC264-4B00-4EF6-909F-083BD2449626}"
	ProjectSection(SolutionItems) = preProject
		.editorconfig = .editorconfig
	EndProjectSection
EndProject
Project("{FAE04EC0-301F-11D3-BF4B-00C04F79EFBC}") = "LocalAutomation.Core", "LocalAutomation.Core\LocalAutomation.Core.csproj", "{0538DEFA-A6E0-4D59-8CF0-0CFDE071F0FC}"
EndProject
Project("{FAE04EC0-301F-11D3-BF4B-00C04F79EFBC}") = "LocalAutomation.Application", "LocalAutomation.Application\LocalAutomation.Application.csproj", "{F966C597-665B-4E9E-8FBE-0768BCEDAA80}"
EndProject
Project("{FAE04EC0-301F-11D3-BF4B-00C04F79EFBC}") = "LocalAutomation.Runtime", "LocalAutomation.Runtime\LocalAutomation.Runtime.csproj", "{A4B690B8-3B05-45B4-9E4A-B1EAF2B06439}"
EndProject
Project("{FAE04EC0-301F-11D3-BF4B-00C04F79EFBC}") = "LocalAutomation.Persistence", "LocalAutomation.Persistence\LocalAutomation.Persistence.csproj", "{BAEAC9E5-DE06-45D9-A438-ED883A31201E}"
EndProject
Project("{FAE04EC0-301F-11D3-BF4B-00C04F79EFBC}") = "LocalAutomation.Extensions.Abstractions", "LocalAutomation.Extensions.Abstractions\LocalAutomation.Extensions.Abstractions.csproj", "{CE208E76-FE02-44F1-A977-6F3F4109C716}"
EndProject
Project("{FAE04EC0-301F-11D3-BF4B-00C04F79EFBC}") = "LocalAutomation.Extensions.Unreal", "LocalAutomation.Extensions.Unreal\LocalAutomation.Extensions.Unreal.csproj", "{25666FEB-74BA-41B3-B87D-236A15D327FE}"
EndProject
Project("{9A19103F-16F7-4668-BE54-9A1E7A4F7556}") = "LocalAutomation.Avalonia", "LocalAutomation.Avalonia\LocalAutomation.Avalonia.csproj", "{FD9315E3-37F1-401D-A6F4-85A6C3234E7A}"
EndProject
Project("{9A19103F-16F7-4668-BE54-9A1E7A4F7556}") = "UnrealCommander.Avalonia", "UnrealCommander.Avalonia\UnrealCommander.Avalonia.csproj", "{8BBFEA76-724F-4C73-8C57-D774A0F740B2}"
EndProject
Global
	GlobalSection(SolutionConfigurationPlatforms) = preSolution
		Debug|Any CPU = Debug|Any CPU
		Debug|x64 = Debug|x64
		Debug|x86 = Debug|x86
		Development|Any CPU = Development|Any CPU
		Development|x64 = Development|x64
		Development|x86 = Development|x86
		Release|Any CPU = Release|Any CPU
		Release|x64 = Release|x64
		Release|x86 = Release|x86
	EndGlobalSection
	GlobalSection(ProjectConfigurationPlatforms) = postSolution
		{12DFB058-1A69-4848-B7AE-78C6CEE0A7C2}.Debug|Any CPU.ActiveCfg = Debug|Any CPU
		{12DFB058-1A69-4848-B7AE-78C6CEE0A7C2}.Debug|Any CPU.Build.0 = Debug|Any CPU
		{12DFB058-1A69-4848-B7AE-78C6CEE0A7C2}.Debug|x64.ActiveCfg = Debug|Any CPU
		{12DFB058-1A69-4848-B7AE-78C6CEE0A7C2}.Debug|x64.Build.0 = Debug|Any CPU
		{12DFB058-1A69-4848-B7AE-78C6CEE0A7C2}.Debug|x86.ActiveCfg = Debug|Any CPU
		{12DFB058-1A69-4848-B7AE-78C6CEE0A7C2}.Debug|x86.Build.0 = Debug|Any CPU
		{12DFB058-1A69-4848-B7AE-78C6CEE0A7C2}.Development|Any CPU.ActiveCfg = Debug|Any CPU
		{12DFB058-1A69-4848-B7AE-78C6CEE0A7C2}.Development|Any CPU.Build.0 = Debug|Any CPU
		{12DFB058-1A69-4848-B7AE-78C6CEE0A7C2}.Development|x64.ActiveCfg = Development|Any CPU
		{12DFB058-1A69-4848-B7AE-78C6CEE0A7C2}.Development|x64.Build.0 = Development|Any CPU
		{12DFB058-1A69-4848-B7AE-78C6CEE0A7C2}.Development|x86.ActiveCfg = Development|Any CPU
		{12DFB058-1A69-4848-B7AE-78C6CEE0A7C2}.Development|x86.Build.0 = Development|Any CPU
		{12DFB058-1A69-4848-B7AE-78C6CEE0A7C2}.Release|Any CPU.ActiveCfg = Release|Any CPU
		{12DFB058-1A69-4848-B7AE-78C6CEE0A7C2}.Release|Any CPU.Build.0 = Release|Any CPU
		{12DFB058-1A69-4848-B7AE-78C6CEE0A7C2}.Release|x64.ActiveCfg = Release|Any CPU
		{12DFB058-1A69-4848-B7AE-78C6CEE0A7C2}.Release|x64.Build.0 = Release|Any CPU
		{12DFB058-1A69-4848-B7AE-78C6CEE0A7C2}.Release|x86.ActiveCfg = Release|Any CPU
		{12DFB058-1A69-4848-B7AE-78C6CEE0A7C2}.Release|x86.Build.0 = Release|Any CPU
		{0538DEFA-A6E0-4D59-8CF0-0CFDE071F0FC}.Debug|Any CPU.ActiveCfg = Debug|Any CPU
		{0538DEFA-A6E0-4D59-8CF0-0CFDE071F0FC}.Debug|Any CPU.Build.0 = Debug|Any CPU
		{0538DEFA-A6E0-4D59-8CF0-0CFDE071F0FC}.Debug|x64.ActiveCfg = Debug|Any CPU
		{0538DEFA-A6E0-4D59-8CF0-0CFDE071F0FC}.Debug|x64.Build.0 = Debug|Any CPU
		{0538DEFA-A6E0-4D59-8CF0-0CFDE071F0FC}.Debug|x86.ActiveCfg = Debug|Any CPU
		{0538DEFA-A6E0-4D59-8CF0-0CFDE071F0FC}.Debug|x86.Build.0 = Debug|Any CPU
		{0538DEFA-A6E0-4D59-8CF0-0CFDE071F0FC}.Development|Any CPU.ActiveCfg = Debug|Any CPU
		{0538DEFA-A6E0-4D59-8CF0-0CFDE071F0FC}.Development|Any CPU.Build.0 = Debug|Any CPU
		{0538DEFA-A6E0-4D59-8CF0-0CFDE071F0FC}.Development|x64.ActiveCfg = Debug|Any CPU
		{0538DEFA-A6E0-4D59-8CF0-0CFDE071F0FC}.Development|x64.Build.0 = Debug|Any CPU
		{0538DEFA-A6E0-4D59-8CF0-0CFDE071F0FC}.Development|x86.ActiveCfg = Debug|Any CPU
		{0538DEFA-A6E0-4D59-8CF0-0CFDE071F0FC}.Development|x86.Build.0 = Debug|Any CPU
		{0538DEFA-A6E0-4D59-8CF0-0CFDE071F0FC}.Release|Any CPU.ActiveCfg = Release|Any CPU
		{0538DEFA-A6E0-4D59-8CF0-0CFDE071F0FC}.Release|Any CPU.Build.0 = Release|Any CPU
		{0538DEFA-A6E0-4D59-8CF0-0CFDE071F0FC}.Release|x64.ActiveCfg = Release|Any CPU
		{0538DEFA-A6E0-4D59-8CF0-0CFDE071F0FC}.Release|x64.Build.0 = Release|Any CPU
		{0538DEFA-A6E0-4D59-8CF0-0CFDE071F0FC}.Release|x86.ActiveCfg = Release|Any CPU
		{0538DEFA-A6E0-4D59-8CF0-0CFDE071F0FC}.Release|x86.Build.0 = Release|Any CPU
		{F966C597-665B-4E9E-8FBE-0768BCEDAA80}.Debug|Any CPU.ActiveCfg = Debug|Any CPU
		{F966C597-665B-4E9E-8FBE-0768BCEDAA80}.Debug|Any CPU.Build.0 = Debug|Any CPU
		{F966C597-665B-4E9E-8FBE-0768BCEDAA80}.Debug|x64.ActiveCfg = Debug|Any CPU
		{F966C597-665B-4E9E-8FBE-0768BCEDAA80}.Debug|x64.Build.0 = Debug|Any CPU
		{F966C597-665B-4E9E-8FBE-0768BCEDAA80}.Debug|x86.ActiveCfg = Debug|Any CPU
		{F966C597-665B-4E9E-8FBE-0768BCEDAA80}.Debug|x86.Build.0 = Debug|Any CPU
		{F966C597-665B-4E9E-8FBE-0768BCEDAA80}.Development|Any CPU.ActiveCfg = Debug|Any CPU
		{F966C597-665B-4E9E-8FBE-0768BCEDAA80}.Development|Any CPU.Build.0 = Debug|Any CPU
		{F966C597-665B-4E9E-8FBE-0768BCEDAA80}.Development|x64.ActiveCfg = Debug|Any CPU
		{F966C597-665B-4E9E-8FBE-0768BCEDAA80}.Development|x64.Build.0 = Debug|Any CPU
		{F966C597-665B-4E9E-8FBE-0768BCEDAA80}.Development|x86.ActiveCfg = Debug|Any CPU
		{F966C597-665B-4E9E-8FBE-0768BCEDAA80}.Development|x86.Build.0 = Debug|Any CPU
		{F966C597-665B-4E9E-8FBE-0768BCEDAA80}.Release|Any CPU.ActiveCfg = Release|Any CPU
		{F966C597-665B-4E9E-8FBE-0768BCEDAA80}.Release|Any CPU.Build.0 = Release|Any CPU
		{F966C597-665B-4E9E-8FBE-0768BCEDAA80}.Release|x64.ActiveCfg = Release|Any CPU
		{F966C597-665B-4E9E-8FBE-0768BCEDAA80}.Release|x64.Build.0 = Release|Any CPU
		{F966C597-665B-4E9E-8FBE-0768BCEDAA80}.Release|x86.ActiveCfg = Release|Any CPU
		{F966C597-665B-4E9E-8FBE-0768BCEDAA80}.Release|x86.Build.0 = Release|Any CPU
		{A4B690B8-3B05-45B4-9E4A-B1EAF2B06439}.Debug|Any CPU.ActiveCfg = Debug|Any CPU
		{A4B690B8-3B05-45B4-9E4A-B1EAF2B06439}.Debug|Any CPU.Build.0 = Debug|Any CPU
		{A4B690B8-3B05-45B4-9E4A-B1EAF2B06439}.Debug|x64.ActiveCfg = Debug|Any CPU
		{A4B690B8-3B05-45B4-9E4A-B1EAF2B06439}.Debug|x64.Build.0 = Debug|Any CPU
		{A4B690B8-3B05-45B4-9E4A-B1EAF2B06439}.Debug|x86.ActiveCfg = Debug|Any CPU
		{A4B690B8-3B05-45B4-9E4A-B1EAF2B06439}.Debug|x86.Build.0 = Debug|Any CPU
		{A4B690B8-3B05-45B4-9E4A-B1EAF2B06439}.Development|Any CPU.ActiveCfg = Debug|Any CPU
		{A4B690B8-3B05-45B4-9E4A-B1EAF2B06439}.Development|Any CPU.Build.0 = Debug|Any CPU
		{A4B690B8-3B05-45B4-9E4A-B1EAF2B06439}.Development|x64.ActiveCfg = Debug|Any CPU
		{A4B690B8-3B05-45B4-9E4A-B1EAF2B06439}.Development|x64.Build.0 = Debug|Any CPU
		{A4B690B8-3B05-45B4-9E4A-B1EAF2B06439}.Development|x86.ActiveCfg = Debug|Any CPU
		{A4B690B8-3B05-45B4-9E4A-B1EAF2B06439}.Development|x86.Build.0 = Debug|Any CPU
		{A4B690B8-3B05-45B4-9E4A-B1EAF2B06439}.Release|Any CPU.ActiveCfg = Release|Any CPU
		{A4B690B8-3B05-45B4-9E4A-B1EAF2B06439}.Release|Any CPU.Build.0 = Release|Any CPU
		{A4B690B8-3B05-45B4-9E4A-B1EAF2B06439}.Release|x64.ActiveCfg = Release|Any CPU
		{A4B690B8-3B05-45B4-9E4A-B1EAF2B06439}.Release|x64.Build.0 = Release|Any CPU
		{A4B690B8-3B05-45B4-9E4A-B1EAF2B06439}.Release|x86.ActiveCfg = Release|Any CPU
		{A4B690B8-3B05-45B4-9E4A-B1EAF2B06439}.Release|x86.Build.0 = Release|Any CPU
		{BAEAC9E5-DE06-45D9-A438-ED883A31201E}.Debug|Any CPU.ActiveCfg = Debug|Any CPU
		{BAEAC9E5-DE06-45D9-A438-ED883A31201E}.Debug|Any CPU.Build.0 = Debug|Any CPU
		{BAEAC9E5-DE06-45D9-A438-ED883A31201E}.Debug|x64.ActiveCfg = Debug|Any CPU
		{BAEAC9E5-DE06-45D9-A438-ED883A31201E}.Debug|x64.Build.0 = Debug|Any CPU
		{BAEAC9E5-DE06-45D9-A438-ED883A31201E}.Debug|x86.ActiveCfg = Debug|Any CPU
		{BAEAC9E5-DE06-45D9-A438-ED883A31201E}.Debug|x86.Build.0 = Debug|Any CPU
		{BAEAC9E5-DE06-45D9-A438-ED883A31201E}.Development|Any CPU.ActiveCfg = Debug|Any CPU
		{BAEAC9E5-DE06-45D9-A438-ED883A31201E}.Development|Any CPU.Build.0 = Debug|Any CPU
		{BAEAC9E5-DE06-45D9-A438-ED883A31201E}.Development|x64.ActiveCfg = Debug|Any CPU
		{BAEAC9E5-DE06-45D9-A438-ED883A31201E}.Development|x64.Build.0 = Debug|Any CPU
		{BAEAC9E5-DE06-45D9-A438-ED883A31201E}.Development|x86.ActiveCfg = Debug|Any CPU
		{BAEAC9E5-DE06-45D9-A438-ED883A31201E}.Development|x86.Build.0 = Debug|Any CPU
		{BAEAC9E5-DE06-45D9-A438-ED883A31201E}.Release|Any CPU.ActiveCfg = Release|Any CPU
		{BAEAC9E5-DE06-45D9-A438-ED883A31201E}.Release|Any CPU.Build.0 = Release|Any CPU
		{BAEAC9E5-DE06-45D9-A438-ED883A31201E}.Release|x64.ActiveCfg = Release|Any CPU
		{BAEAC9E5-DE06-45D9-A438-ED883A31201E}.Release|x64.Build.0 = Release|Any CPU
		{BAEAC9E5-DE06-45D9-A438-ED883A31201E}.Release|x86.ActiveCfg = Release|Any CPU
		{BAEAC9E5-DE06-45D9-A438-ED883A31201E}.Release|x86.Build.0 = Release|Any CPU
		{CE208E76-FE02-44F1-A977-6F3F4109C716}.Debug|Any CPU.ActiveCfg = Debug|Any CPU
		{CE208E76-FE02-44F1-A977-6F3F4109C716}.Debug|Any CPU.Build.0 = Debug|Any CPU
		{CE208E76-FE02-44F1-A977-6F3F4109C716}.Debug|x64.ActiveCfg = Debug|Any CPU
		{CE208E76-FE02-44F1-A977-6F3F4109C716}.Debug|x64.Build.0 = Debug|Any CPU
		{CE208E76-FE02-44F1-A977-6F3F4109C716}.Debug|x86.ActiveCfg = Debug|Any CPU
		{CE208E76-FE02-44F1-A977-6F3F4109C716}.Debug|x86.Build.0 = Debug|Any CPU
		{CE208E76-FE02-44F1-A977-6F3F4109C716}.Development|Any CPU.ActiveCfg = Debug|Any CPU
		{CE208E76-FE02-44F1-A977-6F3F4109C716}.Development|Any CPU.Build.0 = Debug|Any CPU
		{CE208E76-FE02-44F1-A977-6F3F4109C716}.Development|x64.ActiveCfg = Debug|Any CPU
		{CE208E76-FE02-44F1-A977-6F3F4109C716}.Development|x64.Build.0 = Debug|Any CPU
		{CE208E76-FE02-44F1-A977-6F3F4109C716}.Development|x86.ActiveCfg = Debug|Any CPU
		{CE208E76-FE02-44F1-A977-6F3F4109C716}.Development|x86.Build.0 = Debug|Any CPU
		{CE208E76-FE02-44F1-A977-6F3F4109C716}.Release|Any CPU.ActiveCfg = Release|Any CPU
		{CE208E76-FE02-44F1-A977-6F3F4109C716}.Release|Any CPU.Build.0 = Release|Any CPU
		{CE208E76-FE02-44F1-A977-6F3F4109C716}.Release|x64.ActiveCfg = Release|Any CPU
		{CE208E76-FE02-44F1-A977-6F3F4109C716}.Release|x64.Build.0 = Release|Any CPU
		{CE208E76-FE02-44F1-A977-6F3F4109C716}.Release|x86.ActiveCfg = Release|Any CPU
		{CE208E76-FE02-44F1-A977-6F3F4109C716}.Release|x86.Build.0 = Release|Any CPU
		{25666FEB-74BA-41B3-B87D-236A15D327FE}.Debug|Any CPU.ActiveCfg = Debug|Any CPU
		{25666FEB-74BA-41B3-B87D-236A15D327FE}.Debug|Any CPU.Build.0 = Debug|Any CPU
		{25666FEB-74BA-41B3-B87D-236A15D327FE}.Debug|x64.ActiveCfg = Debug|Any CPU
		{25666FEB-74BA-41B3-B87D-236A15D327FE}.Debug|x64.Build.0 = Debug|Any CPU
		{25666FEB-74BA-41B3-B87D-236A15D327FE}.Debug|x86.ActiveCfg = Debug|Any CPU
		{25666FEB-74BA-41B3-B87D-236A15D327FE}.Debug|x86.Build.0 = Debug|Any CPU
		{25666FEB-74BA-41B3-B87D-236A15D327FE}.Development|Any CPU.ActiveCfg = Debug|Any CPU
		{25666FEB-74BA-41B3-B87D-236A15D327FE}.Development|Any CPU.Build.0 = Debug|Any CPU
		{25666FEB-74BA-41B3-B87D-236A15D327FE}.Development|x64.ActiveCfg = Debug|Any CPU
		{25666FEB-74BA-41B3-B87D-236A15D327FE}.Development|x64.Build.0 = Debug|Any CPU
		{25666FEB-74BA-41B3-B87D-236A15D327FE}.Development|x86.ActiveCfg = Debug|Any CPU
		{25666FEB-74BA-41B3-B87D-236A15D327FE}.Development|x86.Build.0 = Debug|Any CPU
		{25666FEB-74BA-41B3-B87D-236A15D327FE}.Release|Any CPU.ActiveCfg = Release|Any CPU
		{25666FEB-74BA-41B3-B87D-236A15D327FE}.Release|Any CPU.Build.0 = Release|Any CPU
		{25666FEB-74BA-41B3-B87D-236A15D327FE}.Release|x64.ActiveCfg = Release|Any CPU
		{25666FEB-74BA-41B3-B87D-236A15D327FE}.Release|x64.Build.0 = Release|Any CPU
		{25666FEB-74BA-41B3-B87D-236A15D327FE}.Release|x86.ActiveCfg = Release|Any CPU
		{25666FEB-74BA-41B3-B87D-236A15D327FE}.Release|x86.Build.0 = Release|Any CPU
		{FD9315E3-37F1-401D-A6F4-85A6C3234E7A}.Debug|Any CPU.ActiveCfg = Debug|Any CPU
		{FD9315E3-37F1-401D-A6F4-85A6C3234E7A}.Debug|Any CPU.Build.0 = Debug|Any CPU
		{FD9315E3-37F1-401D-A6F4-85A6C3234E7A}.Debug|x64.ActiveCfg = Debug|Any CPU
		{FD9315E3-37F1-401D-A6F4-85A6C3234E7A}.Debug|x64.Build.0 = Debug|Any CPU
		{FD9315E3-37F1-401D-A6F4-85A6C3234E7A}.Debug|x86.ActiveCfg = Debug|Any CPU
		{FD9315E3-37F1-401D-A6F4-85A6C3234E7A}.Debug|x86.Build.0 = Debug|Any CPU
		{FD9315E3-37F1-401D-A6F4-85A6C3234E7A}.Development|Any CPU.ActiveCfg = Debug|Any CPU
		{FD9315E3-37F1-401D-A6F4-85A6C3234E7A}.Development|Any CPU.Build.0 = Debug|Any CPU
		{FD9315E3-37F1-401D-A6F4-85A6C3234E7A}.Development|x64.ActiveCfg = Debug|Any CPU
		{FD9315E3-37F1-401D-A6F4-85A6C3234E7A}.Development|x64.Build.0 = Debug|Any CPU
		{FD9315E3-37F1-401D-A6F4-85A6C3234E7A}.Development|x86.ActiveCfg = Debug|Any CPU
		{FD9315E3-37F1-401D-A6F4-85A6C3234E7A}.Development|x86.Build.0 = Debug|Any CPU
		{FD9315E3-37F1-401D-A6F4-85A6C3234E7A}.Release|Any CPU.ActiveCfg = Release|Any CPU
		{FD9315E3-37F1-401D-A6F4-85A6C3234E7A}.Release|Any CPU.Build.0 = Release|Any CPU
		{FD9315E3-37F1-401D-A6F4-85A6C3234E7A}.Release|x64.ActiveCfg = Release|Any CPU
		{FD9315E3-37F1-401D-A6F4-85A6C3234E7A}.Release|x64.Build.0 = Release|Any CPU
		{FD9315E3-37F1-401D-A6F4-85A6C3234E7A}.Release|x86.ActiveCfg = Release|Any CPU
		{FD9315E3-37F1-401D-A6F4-85A6C3234E7A}.Release|x86.Build.0 = Release|Any CPU
		{8BBFEA76-724F-4C73-8C57-D774A0F740B2}.Debug|Any CPU.ActiveCfg = Debug|Any CPU
		{8BBFEA76-724F-4C73-8C57-D774A0F740B2}.Debug|Any CPU.Build.0 = Debug|Any CPU
		{8BBFEA76-724F-4C73-8C57-D774A0F740B2}.Debug|x64.ActiveCfg = Debug|Any CPU
		{8BBFEA76-724F-4C73-8C57-D774A0F740B2}.Debug|x64.Build.0 = Debug|Any CPU
		{8BBFEA76-724F-4C73-8C57-D774A0F740B2}.Debug|x86.ActiveCfg = Debug|Any CPU
		{8BBFEA76-724F-4C73-8C57-D774A0F740B2}.Debug|x86.Build.0 = Debug|Any CPU
		{8BBFEA76-724F-4C73-8C57-D774A0F740B2}.Development|Any CPU.ActiveCfg = Debug|Any CPU
		{8BBFEA76-724F-4C73-8C57-D774A0F740B2}.Development|Any CPU.Build.0 = Debug|Any CPU
		{8BBFEA76-724F-4C73-8C57-D774A0F740B2}.Development|x64.ActiveCfg = Debug|Any CPU
		{8BBFEA76-724F-4C73-8C57-D774A0F740B2}.Development|x64.Build.0 = Debug|Any CPU
		{8BBFEA76-724F-4C73-8C57-D774A0F740B2}.Development|x86.ActiveCfg = Debug|Any CPU
		{8BBFEA76-724F-4C73-8C57-D774A0F740B2}.Development|x86.Build.0 = Debug|Any CPU
		{8BBFEA76-724F-4C73-8C57-D774A0F740B2}.Release|Any CPU.ActiveCfg = Release|Any CPU
		{8BBFEA76-724F-4C73-8C57-D774A0F740B2}.Release|Any CPU.Build.0 = Release|Any CPU
		{8BBFEA76-724F-4C73-8C57-D774A0F740B2}.Release|x64.ActiveCfg = Release|Any CPU
		{8BBFEA76-724F-4C73-8C57-D774A0F740B2}.Release|x64.Build.0 = Release|Any CPU
		{8BBFEA76-724F-4C73-8C57-D774A0F740B2}.Release|x86.ActiveCfg = Release|Any CPU
		{8BBFEA76-724F-4C73-8C57-D774A0F740B2}.Release|x86.Build.0 = Release|Any CPU
	EndGlobalSection
	GlobalSection(SolutionProperties) = preSolution
		HideSolutionNode = FALSE
	EndGlobalSection
	GlobalSection(ExtensibilityGlobals) = postSolution
		SolutionGuid = {4EAE8663-A4D7-4BAE-800A-85EEE059F971}
	EndGlobalSection
EndGlobal
